
Microsoft Visual Studio Solution File, Format Version 12.00
# Visual Studio Version 16
VisualStudioVersion = 16.0.30204.135
MinimumVisualStudioVersion = 10.0.40219.1
Project("{FAE04EC0-301F-11D3-BF4B-00C04F79EFBC}") = "Projekt1_Podorozhnyi50402", "Projekt1_Podorozhnyi50402.csproj", "{8299ED72-41AB-414A-B8DD-9CF80C7B60A9}"
EndProject
Global
	GlobalSection(SolutionConfigurationPlatforms) = preSolution
		Debug|Any CPU = Debug|Any CPU
		Release|Any CPU = Release|Any CPU
	EndGlobalSection
	GlobalSection(ProjectConfigurationPlatforms) = postSolution
		{8299ED72-41AB-414A-B8DD-9CF80C7B60A9}.Debug|Any CPU.ActiveCfg = Debug|Any CPU
		{8299ED72-41AB-414A-B8DD-9CF80C7B60A9}.Debug|Any CPU.Build.0 = Debug|Any CPU
		{8299ED72-41AB-414A-B8DD-9CF80C7B60A9}.Release|Any CPU.ActiveCfg = Release|Any CPU
		{8299ED72-41AB-414A-B8DD-9CF80C7B60A9}.Release|Any CPU.Build.0 = Release|Any CPU
	EndGlobalSection
	GlobalSection(SolutionProperties) = preSolution
		HideSolutionNode = FALSE
	EndGlobalSection
	GlobalSection(ExtensibilityGlobals) = postSolution
		SolutionGuid = {C3D8A61A-1FBC-4DF9-A273-73580D94D1AB}
	EndGlobalSection
EndGlobal
